{
  "name": "ganaka",
  "version": "0.0.1",
  "lockfileVersion": 3,
  "requires": true,
  "packages": {
    "": {
      "name": "ganaka",
      "version": "0.0.1",
      "license": "MIT",
      "dependencies": {
        "lightweight-charts": "^5.0.9"
      }
    },
    "node_modules/fancy-canvas": {
      "version": "2.1.0",
      "resolved": "https://registry.npmjs.org/fancy-canvas/-/fancy-canvas-2.1.0.tgz",
      "integrity": "sha512-nifxXJ95JNLFR2NgRV4/MxVP45G9909wJTEKz5fg/TZS20JJZA6hfgRVh/bC9bwl2zBtBNcYPjiBE4njQHVBwQ==",
      "license": "MIT"
    },
    "node_modules/lightweight-charts": {
      "version": "5.0.9",
      "resolved": "https://registry.npmjs.org/lightweight-charts/-/lightweight-charts-5.0.9.tgz",
      "integrity": "sha512-8oQIis8jfZVfSwz8j9Z5x3O79dIRTkEYI9UY7DKtE4O3ZxlHjMK3L0+4nOVOOFq4FHI/oSIzz1RHeNImCk6/Jg==",
      "license": "Apache-2.0",
      "dependencies": {
        "fancy-canvas": "2.1.0"
      }
    }
  }
}
